
Microsoft Visual Studio Solution File, Format Version 12.00
# Visual Studio Version 17
VisualStudioVersion = 17.9.34728.123
MinimumVisualStudioVersion = 10.0.40219.1
Project("{FAE04EC0-301F-11D3-BF4B-00C04F79EFBC}") = "Giraffe1", "Giraffe1\Giraffe1.csproj", "{3E9D3C8F-59EB-474F-A7E9-781287C45B3A}"
EndProject
Global
	GlobalSection(SolutionConfigurationPlatforms) = preSolution
		Debug|Any CPU = Debug|Any CPU
		Release|Any CPU = Release|Any CPU
	EndGlobalSection
	GlobalSection(ProjectConfigurationPlatforms) = postSolution
		{3E9D3C8F-59EB-474F-A7E9-781287C45B3A}.Debug|Any CPU.ActiveCfg = Debug|Any CPU
		{3E9D3C8F-59EB-474F-A7E9-781287C45B3A}.Debug|Any CPU.Build.0 = Debug|Any CPU
		{3E9D3C8F-59EB-474F-A7E9-781287C45B3A}.Release|Any CPU.ActiveCfg = Release|Any CPU
		{3E9D3C8F-59EB-474F-A7E9-781287C45B3A}.Release|Any CPU.Build.0 = Release|Any CPU
	EndGlobalSection
	GlobalSection(SolutionProperties) = preSolution
		HideSolutionNode = FALSE
	EndGlobalSection
	GlobalSection(ExtensibilityGlobals) = postSolution
		SolutionGuid = {8318A4DA-742E-440C-BD31-B3B5AF368634}
	EndGlobalSection
EndGlobal
